
Microsoft Visual Studio Solution File, Format Version 12.00
# Visual Studio Version 17
VisualStudioVersion = 17.11.35017.193
MinimumVisualStudioVersion = 10.0.40219.1
Project("{FAE04EC0-301F-11D3-BF4B-00C04F79EFBC}") = "PDF417IssueReproduction", "PDF417IssueReproduction\PDF417IssueReproduction.csproj", "{6709BCD7-1E75-4A40-9DF9-774A5F9F15B2}"
EndProject
Global
	GlobalSection(SolutionConfigurationPlatforms) = preSolution
		Debug|Any CPU = Debug|Any CPU
		Release|Any CPU = Release|Any CPU
	EndGlobalSection
	GlobalSection(ProjectConfigurationPlatforms) = postSolution
		{6709BCD7-1E75-4A40-9DF9-774A5F9F15B2}.Debug|Any CPU.ActiveCfg = Debug|Any CPU
		{6709BCD7-1E75-4A40-9DF9-774A5F9F15B2}.Debug|Any CPU.Build.0 = Debug|Any CPU
		{6709BCD7-1E75-4A40-9DF9-774A5F9F15B2}.Release|Any CPU.ActiveCfg = Release|Any CPU
		{6709BCD7-1E75-4A40-9DF9-774A5F9F15B2}.Release|Any CPU.Build.0 = Release|Any CPU
	EndGlobalSection
	GlobalSection(SolutionProperties) = preSolution
		HideSolutionNode = FALSE
	EndGlobalSection
	GlobalSection(ExtensibilityGlobals) = postSolution
		SolutionGuid = {A77F1E43-0737-469D-9EDD-527FACD2871D}
	EndGlobalSection
EndGlobal
